
Microsoft Visual Studio Solution File, Format Version 12.00
# Visual Studio 2013
VisualStudioVersion = 12.0.21005.1
MinimumVisualStudioVersion = 10.0.40219.1
Project("{FAE04EC0-301F-11D3-BF4B-00C04F79EFBC}") = "FestivalAdministratie", "FestivalAdministratie\FestivalAdministratie.csproj", "{1ECC274F-5EE0-442D-A42C-C28838ED93E1}"
EndProject
Project("{FAE04EC0-301F-11D3-BF4B-00C04F79EFBC}") = "LineUp", "TimeLine\LineUp.csproj", "{2E14B9C7-00E9-48C5-94E8-1C55E81D6AF7}"
EndProject
Project("{FAE04EC0-301F-11D3-BF4B-00C04F79EFBC}") = "TimeLine", "..\TimeLineAttempt\Control\TimeLine.csproj", "{59D2A459-83DA-4448-9F1D-880960C08AB0}"
EndProject
Global
	GlobalSection(SolutionConfigurationPlatforms) = preSolution
		Debug|Any CPU = Debug|Any CPU
		Release|Any CPU = Release|Any CPU
	EndGlobalSection
	GlobalSection(ProjectConfigurationPlatforms) = postSolution
		{1ECC274F-5EE0-442D-A42C-C28838ED93E1}.Debug|Any CPU.ActiveCfg = Debug|Any CPU
		{1ECC274F-5EE0-442D-A42C-C28838ED93E1}.Debug|Any CPU.Build.0 = Debug|Any CPU
		{1ECC274F-5EE0-442D-A42C-C28838ED93E1}.Release|Any CPU.ActiveCfg = Release|Any CPU
		{1ECC274F-5EE0-442D-A42C-C28838ED93E1}.Release|Any CPU.Build.0 = Release|Any CPU
		{2E14B9C7-00E9-48C5-94E8-1C55E81D6AF7}.Debug|Any CPU.ActiveCfg = Debug|Any CPU
		{2E14B9C7-00E9-48C5-94E8-1C55E81D6AF7}.Debug|Any CPU.Build.0 = Debug|Any CPU
		{2E14B9C7-00E9-48C5-94E8-1C55E81D6AF7}.Release|Any CPU.ActiveCfg = Release|Any CPU
		{2E14B9C7-00E9-48C5-94E8-1C55E81D6AF7}.Release|Any CPU.Build.0 = Release|Any CPU
		{59D2A459-83DA-4448-9F1D-880960C08AB0}.Debug|Any CPU.ActiveCfg = Debug|Any CPU
		{59D2A459-83DA-4448-9F1D-880960C08AB0}.Debug|Any CPU.Build.0 = Debug|Any CPU
		{59D2A459-83DA-4448-9F1D-880960C08AB0}.Release|Any CPU.ActiveCfg = Release|Any CPU
		{59D2A459-83DA-4448-9F1D-880960C08AB0}.Release|Any CPU.Build.0 = Release|Any CPU
	EndGlobalSection
	GlobalSection(SolutionProperties) = preSolution
		HideSolutionNode = FALSE
	EndGlobalSection
EndGlobal
